
Microsoft Visual Studio Solution File, Format Version 12.00
# Visual Studio Version 16
VisualStudioVersion = 16.0.31105.61
MinimumVisualStudioVersion = 10.0.40219.1
Project("{FAE04EC0-301F-11D3-BF4B-00C04F79EFBC}") = "BettingSlip", "BettingSlip.csproj", "{08D17642-9314-4B57-844F-E45E5D3FAB1D}"
EndProject
Global
	GlobalSection(SolutionConfigurationPlatforms) = preSolution
		Debug|Any CPU = Debug|Any CPU
		Release|Any CPU = Release|Any CPU
	EndGlobalSection
	GlobalSection(ProjectConfigurationPlatforms) = postSolution
		{08D17642-9314-4B57-844F-E45E5D3FAB1D}.Debug|Any CPU.ActiveCfg = Debug|Any CPU
		{08D17642-9314-4B57-844F-E45E5D3FAB1D}.Debug|Any CPU.Build.0 = Debug|Any CPU
		{08D17642-9314-4B57-844F-E45E5D3FAB1D}.Release|Any CPU.ActiveCfg = Release|Any CPU
		{08D17642-9314-4B57-844F-E45E5D3FAB1D}.Release|Any CPU.Build.0 = Release|Any CPU
	EndGlobalSection
	GlobalSection(SolutionProperties) = preSolution
		HideSolutionNode = FALSE
	EndGlobalSection
	GlobalSection(ExtensibilityGlobals) = postSolution
		SolutionGuid = {5B9ABE9E-7106-4C6A-BEC5-58B6B860D06B}
	EndGlobalSection
EndGlobal
